
Microsoft Visual Studio Solution File, Format Version 12.00
# Visual Studio Version 17
VisualStudioVersion = 17.9.34622.214
MinimumVisualStudioVersion = 10.0.40219.1
Project("{F184B08F-C81C-45F6-A57F-5ABD9991F28F}") = "scotia-calculations", "scotia-calculations.vbproj", "{F4066CE5-152C-443F-B352-64B6CE4DF048}"
EndProject
Global
	GlobalSection(SolutionConfigurationPlatforms) = preSolution
		Debug|Any CPU = Debug|Any CPU
		Release|Any CPU = Release|Any CPU
	EndGlobalSection
	GlobalSection(ProjectConfigurationPlatforms) = postSolution
		{F4066CE5-152C-443F-B352-64B6CE4DF048}.Debug|Any CPU.ActiveCfg = Debug|Any CPU
		{F4066CE5-152C-443F-B352-64B6CE4DF048}.Debug|Any CPU.Build.0 = Debug|Any CPU
		{F4066CE5-152C-443F-B352-64B6CE4DF048}.Release|Any CPU.ActiveCfg = Release|Any CPU
		{F4066CE5-152C-443F-B352-64B6CE4DF048}.Release|Any CPU.Build.0 = Release|Any CPU
	EndGlobalSection
	GlobalSection(SolutionProperties) = preSolution
		HideSolutionNode = FALSE
	EndGlobalSection
	GlobalSection(ExtensibilityGlobals) = postSolution
		SolutionGuid = {0A46A0D6-53A3-427A-90A9-FFA45873A6AB}
	EndGlobalSection
EndGlobal
